
Microsoft Visual Studio Solution File, Format Version 10.00
# Visual Studio 2008
Project("{FAE04EC0-301F-11D3-BF4B-00C04F79EFBC}") = "UDPX", "UDPX\UDPX.csproj", "{26E21837-3C80-4143-939A-2BC79FF5462F}"
EndProject
Project("{FAE04EC0-301F-11D3-BF4B-00C04F79EFBC}") = "Test", "Test\Test.csproj", "{B8829449-A1F0-41CC-BD7C-E0A57125D324}"
EndProject
Global
	GlobalSection(SolutionConfigurationPlatforms) = preSolution
		Debug|Any CPU = Debug|Any CPU
		Release|Any CPU = Release|Any CPU
	EndGlobalSection
	GlobalSection(ProjectConfigurationPlatforms) = postSolution
		{26E21837-3C80-4143-939A-2BC79FF5462F}.Debug|Any CPU.ActiveCfg = Debug|Any CPU
		{26E21837-3C80-4143-939A-2BC79FF5462F}.Debug|Any CPU.Build.0 = Debug|Any CPU
		{26E21837-3C80-4143-939A-2BC79FF5462F}.Release|Any CPU.ActiveCfg = Release|Any CPU
		{26E21837-3C80-4143-939A-2BC79FF5462F}.Release|Any CPU.Build.0 = Release|Any CPU
		{B8829449-A1F0-41CC-BD7C-E0A57125D324}.Debug|Any CPU.ActiveCfg = Debug|Any CPU
		{B8829449-A1F0-41CC-BD7C-E0A57125D324}.Debug|Any CPU.Build.0 = Debug|Any CPU
		{B8829449-A1F0-41CC-BD7C-E0A57125D324}.Release|Any CPU.ActiveCfg = Release|Any CPU
		{B8829449-A1F0-41CC-BD7C-E0A57125D324}.Release|Any CPU.Build.0 = Release|Any CPU
	EndGlobalSection
	GlobalSection(MonoDevelopProperties) = preSolution
		StartupItem = Test\Test.csproj
	EndGlobalSection
	GlobalSection(SolutionProperties) = preSolution
		HideSolutionNode = FALSE
	EndGlobalSection
EndGlobal
