
Microsoft Visual Studio Solution File, Format Version 10.00
# Visual Studio 2008
Project("{FAE04EC0-301F-11D3-BF4B-00C04F79EFBC}") = "UDPX", "UDPX.csproj", "{24F8B9A8-9FC8-478D-819F-138E7A1F67A3}"
EndProject
Project("{FAE04EC0-301F-11D3-BF4B-00C04F79EFBC}") = "UDPXTest", "UDPXTest\UDPXTest.csproj", "{1AAD87DE-1814-4AF4-8268-723E93726BF1}"
EndProject
Global
	GlobalSection(SolutionConfigurationPlatforms) = preSolution
		Debug|Any CPU = Debug|Any CPU
		Release|Any CPU = Release|Any CPU
	EndGlobalSection
	GlobalSection(ProjectConfigurationPlatforms) = postSolution
		{1AAD87DE-1814-4AF4-8268-723E93726BF1}.Debug|Any CPU.ActiveCfg = Debug|Any CPU
		{1AAD87DE-1814-4AF4-8268-723E93726BF1}.Debug|Any CPU.Build.0 = Debug|Any CPU
		{1AAD87DE-1814-4AF4-8268-723E93726BF1}.Release|Any CPU.ActiveCfg = Release|Any CPU
		{1AAD87DE-1814-4AF4-8268-723E93726BF1}.Release|Any CPU.Build.0 = Release|Any CPU
		{24F8B9A8-9FC8-478D-819F-138E7A1F67A3}.Debug|Any CPU.ActiveCfg = Debug|Any CPU
		{24F8B9A8-9FC8-478D-819F-138E7A1F67A3}.Debug|Any CPU.Build.0 = Debug|Any CPU
		{24F8B9A8-9FC8-478D-819F-138E7A1F67A3}.Release|Any CPU.ActiveCfg = Release|Any CPU
		{24F8B9A8-9FC8-478D-819F-138E7A1F67A3}.Release|Any CPU.Build.0 = Release|Any CPU
	EndGlobalSection
	GlobalSection(MonoDevelopProperties) = preSolution
		StartupItem = UDPXTest\UDPXTest.csproj
	EndGlobalSection
EndGlobal
